
Microsoft Visual Studio Solution File, Format Version 12.00
# Visual Studio Version 17
VisualStudioVersion = 17.7.34031.279
MinimumVisualStudioVersion = 10.0.40219.1
Project("{9A19103F-16F7-4668-BE54-9A1E7A4F7556}") = "App.Security.API", "App.Security.API\App.Security.API.csproj", "{C40918ED-28C4-499B-A9A3-2215909C40AF}"
EndProject
Project("{9A19103F-16F7-4668-BE54-9A1E7A4F7556}") = "App.Security.Data", "App.Security.Data\App.Security.Data.csproj", "{2EFF9FDC-36E9-46BC-AA99-E2C97FAEE21E}"
EndProject
Project("{FAE04EC0-301F-11D3-BF4B-00C04F79EFBC}") = "App.Security.Helper", "App.Security.Helper\App.Security.Helper.csproj", "{2F8C716C-E2A9-4A51-B025-3556CD612C54}"
EndProject
Global
	GlobalSection(SolutionConfigurationPlatforms) = preSolution
		Debug|Any CPU = Debug|Any CPU
		Release|Any CPU = Release|Any CPU
	EndGlobalSection
	GlobalSection(ProjectConfigurationPlatforms) = postSolution
		{C40918ED-28C4-499B-A9A3-2215909C40AF}.Debug|Any CPU.ActiveCfg = Debug|Any CPU
		{C40918ED-28C4-499B-A9A3-2215909C40AF}.Debug|Any CPU.Build.0 = Debug|Any CPU
		{C40918ED-28C4-499B-A9A3-2215909C40AF}.Release|Any CPU.ActiveCfg = Release|Any CPU
		{C40918ED-28C4-499B-A9A3-2215909C40AF}.Release|Any CPU.Build.0 = Release|Any CPU
		{2EFF9FDC-36E9-46BC-AA99-E2C97FAEE21E}.Debug|Any CPU.ActiveCfg = Debug|Any CPU
		{2EFF9FDC-36E9-46BC-AA99-E2C97FAEE21E}.Debug|Any CPU.Build.0 = Debug|Any CPU
		{2EFF9FDC-36E9-46BC-AA99-E2C97FAEE21E}.Release|Any CPU.ActiveCfg = Release|Any CPU
		{2EFF9FDC-36E9-46BC-AA99-E2C97FAEE21E}.Release|Any CPU.Build.0 = Release|Any CPU
		{2F8C716C-E2A9-4A51-B025-3556CD612C54}.Debug|Any CPU.ActiveCfg = Debug|Any CPU
		{2F8C716C-E2A9-4A51-B025-3556CD612C54}.Debug|Any CPU.Build.0 = Debug|Any CPU
		{2F8C716C-E2A9-4A51-B025-3556CD612C54}.Release|Any CPU.ActiveCfg = Release|Any CPU
		{2F8C716C-E2A9-4A51-B025-3556CD612C54}.Release|Any CPU.Build.0 = Release|Any CPU
	EndGlobalSection
	GlobalSection(SolutionProperties) = preSolution
		HideSolutionNode = FALSE
	EndGlobalSection
	GlobalSection(ExtensibilityGlobals) = postSolution
		SolutionGuid = {9B64FF8E-EF3F-4B5D-B9CA-C5A4787DBE7D}
	EndGlobalSection
EndGlobal
